
Microsoft Visual Studio Solution File, Format Version 12.00
Project("{FAE04EC0-301F-11D3-BF4B-00C04F79EFBC}") = "ConsoleApplication", "ConsoleApplication\ConsoleApplication.csproj", "{8A859313-F6A2-40EF-A273-C9FC7A1700FC}"
EndProject
Global
	GlobalSection(SolutionConfigurationPlatforms) = preSolution
		Debug|Any CPU = Debug|Any CPU
		Release|Any CPU = Release|Any CPU
	EndGlobalSection
	GlobalSection(ProjectConfigurationPlatforms) = postSolution
		{8A859313-F6A2-40EF-A273-C9FC7A1700FC}.Debug|Any CPU.ActiveCfg = Debug|Any CPU
		{8A859313-F6A2-40EF-A273-C9FC7A1700FC}.Debug|Any CPU.Build.0 = Debug|Any CPU
		{8A859313-F6A2-40EF-A273-C9FC7A1700FC}.Release|Any CPU.ActiveCfg = Release|Any CPU
		{8A859313-F6A2-40EF-A273-C9FC7A1700FC}.Release|Any CPU.Build.0 = Release|Any CPU
	EndGlobalSection
EndGlobal
